
Microsoft Visual Studio Solution File, Format Version 12.00
# Visual Studio Version 16
VisualStudioVersion = 16.0.35229.62
MinimumVisualStudioVersion = 10.0.40219.1
Project("{9A19103F-16F7-4668-BE54-9A1E7A4F7556}") = "SITIComerce", "SITIComerce\SITIComerce.csproj", "{872A22F5-AF94-43C0-9076-7C964947EE89}"
EndProject
Project("{2150E333-8FDC-42A3-9474-1A3956D46DE8}") = "Comun", "Comun", "{EB34B5F6-2D5C-4372-8D7D-0A814869C3A6}"
EndProject
Project("{2150E333-8FDC-42A3-9474-1A3956D46DE8}") = "API", "API", "{0BA3ECCB-C3D1-482B-B108-2EF0309460F2}"
EndProject
Project("{2150E333-8FDC-42A3-9474-1A3956D46DE8}") = "BLL", "BLL", "{C90A742C-B9E6-4A67-952F-A1152FBA8815}"
EndProject
Project("{9A19103F-16F7-4668-BE54-9A1E7A4F7556}") = "VO", "Comun\VO\VO.csproj", "{003493F8-603B-4893-A099-8AB738BD592E}"
EndProject
Project("{9A19103F-16F7-4668-BE54-9A1E7A4F7556}") = "ProductBLL", "BLL\ProductBLL\ProductBLL.csproj", "{FB0BA309-32D8-4C80-816B-9B24F015A68E}"
EndProject
Project("{9A19103F-16F7-4668-BE54-9A1E7A4F7556}") = "CartBLL", "BLL\CartBLL\CartBLL.csproj", "{81D9187D-C680-45B8-AD14-083A2CEECBE4}"
EndProject
Project("{9A19103F-16F7-4668-BE54-9A1E7A4F7556}") = "OrderBLL", "BLL\OrderBLL\OrderBLL.csproj", "{54BF5D8F-3B5E-4DF8-8C63-18FF86E09B2F}"
EndProject
Project("{9A19103F-16F7-4668-BE54-9A1E7A4F7556}") = "CartAPI", "API\CartAPI\CartAPI.csproj", "{B7ABFBB5-1C4A-4C1F-9A5D-543F9DB3EB1C}"
EndProject
Project("{9A19103F-16F7-4668-BE54-9A1E7A4F7556}") = "OrderAPI", "API\OrderAPI\OrderAPI.csproj", "{0CBF3923-B90E-4893-B1D1-1A735F062E6B}"
EndProject
Project("{9A19103F-16F7-4668-BE54-9A1E7A4F7556}") = "ProductAPI", "API\ProductAPI\ProductAPI.csproj", "{B5FC7D5F-C2A5-4E25-A94A-246BDF7257F4}"
EndProject
Project("{9A19103F-16F7-4668-BE54-9A1E7A4F7556}") = "DAO", "Comun\DAO\DAO\DAO.csproj", "{0021A5B2-B330-4713-ADBB-D198EA3ED0F7}"
EndProject
Project("{FAE04EC0-301F-11D3-BF4B-00C04F79EFBC}") = "Helpers", "Helpers\Helpers.csproj", "{4E8BB3C0-36B0-414E-9E43-40BE5930BC50}"
EndProject
Global
	GlobalSection(SolutionConfigurationPlatforms) = preSolution
		Debug|Any CPU = Debug|Any CPU
		Release|Any CPU = Release|Any CPU
	EndGlobalSection
	GlobalSection(ProjectConfigurationPlatforms) = postSolution
		{872A22F5-AF94-43C0-9076-7C964947EE89}.Debug|Any CPU.ActiveCfg = Debug|Any CPU
		{872A22F5-AF94-43C0-9076-7C964947EE89}.Debug|Any CPU.Build.0 = Debug|Any CPU
		{872A22F5-AF94-43C0-9076-7C964947EE89}.Release|Any CPU.ActiveCfg = Release|Any CPU
		{872A22F5-AF94-43C0-9076-7C964947EE89}.Release|Any CPU.Build.0 = Release|Any CPU
		{003493F8-603B-4893-A099-8AB738BD592E}.Debug|Any CPU.ActiveCfg = Debug|Any CPU
		{003493F8-603B-4893-A099-8AB738BD592E}.Debug|Any CPU.Build.0 = Debug|Any CPU
		{003493F8-603B-4893-A099-8AB738BD592E}.Release|Any CPU.ActiveCfg = Release|Any CPU
		{003493F8-603B-4893-A099-8AB738BD592E}.Release|Any CPU.Build.0 = Release|Any CPU
		{FB0BA309-32D8-4C80-816B-9B24F015A68E}.Debug|Any CPU.ActiveCfg = Debug|Any CPU
		{FB0BA309-32D8-4C80-816B-9B24F015A68E}.Debug|Any CPU.Build.0 = Debug|Any CPU
		{FB0BA309-32D8-4C80-816B-9B24F015A68E}.Release|Any CPU.ActiveCfg = Release|Any CPU
		{FB0BA309-32D8-4C80-816B-9B24F015A68E}.Release|Any CPU.Build.0 = Release|Any CPU
		{81D9187D-C680-45B8-AD14-083A2CEECBE4}.Debug|Any CPU.ActiveCfg = Debug|Any CPU
		{81D9187D-C680-45B8-AD14-083A2CEECBE4}.Debug|Any CPU.Build.0 = Debug|Any CPU
		{81D9187D-C680-45B8-AD14-083A2CEECBE4}.Release|Any CPU.ActiveCfg = Release|Any CPU
		{81D9187D-C680-45B8-AD14-083A2CEECBE4}.Release|Any CPU.Build.0 = Release|Any CPU
		{54BF5D8F-3B5E-4DF8-8C63-18FF86E09B2F}.Debug|Any CPU.ActiveCfg = Debug|Any CPU
		{54BF5D8F-3B5E-4DF8-8C63-18FF86E09B2F}.Debug|Any CPU.Build.0 = Debug|Any CPU
		{54BF5D8F-3B5E-4DF8-8C63-18FF86E09B2F}.Release|Any CPU.ActiveCfg = Release|Any CPU
		{54BF5D8F-3B5E-4DF8-8C63-18FF86E09B2F}.Release|Any CPU.Build.0 = Release|Any CPU
		{B7ABFBB5-1C4A-4C1F-9A5D-543F9DB3EB1C}.Debug|Any CPU.ActiveCfg = Debug|Any CPU
		{B7ABFBB5-1C4A-4C1F-9A5D-543F9DB3EB1C}.Debug|Any CPU.Build.0 = Debug|Any CPU
		{B7ABFBB5-1C4A-4C1F-9A5D-543F9DB3EB1C}.Release|Any CPU.ActiveCfg = Release|Any CPU
		{B7ABFBB5-1C4A-4C1F-9A5D-543F9DB3EB1C}.Release|Any CPU.Build.0 = Release|Any CPU
		{0CBF3923-B90E-4893-B1D1-1A735F062E6B}.Debug|Any CPU.ActiveCfg = Debug|Any CPU
		{0CBF3923-B90E-4893-B1D1-1A735F062E6B}.Debug|Any CPU.Build.0 = Debug|Any CPU
		{0CBF3923-B90E-4893-B1D1-1A735F062E6B}.Release|Any CPU.ActiveCfg = Release|Any CPU
		{0CBF3923-B90E-4893-B1D1-1A735F062E6B}.Release|Any CPU.Build.0 = Release|Any CPU
		{B5FC7D5F-C2A5-4E25-A94A-246BDF7257F4}.Debug|Any CPU.ActiveCfg = Debug|Any CPU
		{B5FC7D5F-C2A5-4E25-A94A-246BDF7257F4}.Debug|Any CPU.Build.0 = Debug|Any CPU
		{B5FC7D5F-C2A5-4E25-A94A-246BDF7257F4}.Release|Any CPU.ActiveCfg = Release|Any CPU
		{B5FC7D5F-C2A5-4E25-A94A-246BDF7257F4}.Release|Any CPU.Build.0 = Release|Any CPU
		{0021A5B2-B330-4713-ADBB-D198EA3ED0F7}.Debug|Any CPU.ActiveCfg = Debug|Any CPU
		{0021A5B2-B330-4713-ADBB-D198EA3ED0F7}.Debug|Any CPU.Build.0 = Debug|Any CPU
		{0021A5B2-B330-4713-ADBB-D198EA3ED0F7}.Release|Any CPU.ActiveCfg = Release|Any CPU
		{0021A5B2-B330-4713-ADBB-D198EA3ED0F7}.Release|Any CPU.Build.0 = Release|Any CPU
		{4E8BB3C0-36B0-414E-9E43-40BE5930BC50}.Debug|Any CPU.ActiveCfg = Debug|Any CPU
		{4E8BB3C0-36B0-414E-9E43-40BE5930BC50}.Debug|Any CPU.Build.0 = Debug|Any CPU
		{4E8BB3C0-36B0-414E-9E43-40BE5930BC50}.Release|Any CPU.ActiveCfg = Release|Any CPU
		{4E8BB3C0-36B0-414E-9E43-40BE5930BC50}.Release|Any CPU.Build.0 = Release|Any CPU
	EndGlobalSection
	GlobalSection(SolutionProperties) = preSolution
		HideSolutionNode = FALSE
	EndGlobalSection
	GlobalSection(NestedProjects) = preSolution
		{003493F8-603B-4893-A099-8AB738BD592E} = {EB34B5F6-2D5C-4372-8D7D-0A814869C3A6}
		{FB0BA309-32D8-4C80-816B-9B24F015A68E} = {C90A742C-B9E6-4A67-952F-A1152FBA8815}
		{81D9187D-C680-45B8-AD14-083A2CEECBE4} = {C90A742C-B9E6-4A67-952F-A1152FBA8815}
		{54BF5D8F-3B5E-4DF8-8C63-18FF86E09B2F} = {C90A742C-B9E6-4A67-952F-A1152FBA8815}
		{B7ABFBB5-1C4A-4C1F-9A5D-543F9DB3EB1C} = {0BA3ECCB-C3D1-482B-B108-2EF0309460F2}
		{0CBF3923-B90E-4893-B1D1-1A735F062E6B} = {0BA3ECCB-C3D1-482B-B108-2EF0309460F2}
		{B5FC7D5F-C2A5-4E25-A94A-246BDF7257F4} = {0BA3ECCB-C3D1-482B-B108-2EF0309460F2}
		{0021A5B2-B330-4713-ADBB-D198EA3ED0F7} = {EB34B5F6-2D5C-4372-8D7D-0A814869C3A6}
		{4E8BB3C0-36B0-414E-9E43-40BE5930BC50} = {EB34B5F6-2D5C-4372-8D7D-0A814869C3A6}
	EndGlobalSection
	GlobalSection(ExtensibilityGlobals) = postSolution
		SolutionGuid = {71AF9234-DB6A-4F96-B8A6-896B9C13A640}
	EndGlobalSection
EndGlobal
